
Microsoft Visual Studio Solution File, Format Version 12.00
# Visual Studio 15
Project("{FAE04EC0-301F-11D3-BF4B-00C04F79EFBC}") = "PostFixPreFix", "PostFixPreFix\PostFixPreFix.csproj", "{CE443628-D6D0-45DC-BD4F-EB697F47945C}"
EndProject
Global
	GlobalSection(SolutionConfigurationPlatforms) = preSolution
		Debug|Any CPU = Debug|Any CPU
		Release|Any CPU = Release|Any CPU
	EndGlobalSection
	GlobalSection(ProjectConfigurationPlatforms) = postSolution
		{CE443628-D6D0-45DC-BD4F-EB697F47945C}.Debug|Any CPU.ActiveCfg = Debug|Any CPU
		{CE443628-D6D0-45DC-BD4F-EB697F47945C}.Debug|Any CPU.Build.0 = Debug|Any CPU
		{CE443628-D6D0-45DC-BD4F-EB697F47945C}.Release|Any CPU.ActiveCfg = Release|Any CPU
		{CE443628-D6D0-45DC-BD4F-EB697F47945C}.Release|Any CPU.Build.0 = Release|Any CPU
	EndGlobalSection
EndGlobal
