
Microsoft Visual Studio Solution File, Format Version 12.00
# Visual Studio 15
Project("{FAE04EC0-301F-11D3-BF4B-00C04F79EFBC}") = "ReverseInteger", "ReverseInteger\ReverseInteger.csproj", "{58DC51C3-BA6B-4C1B-8208-D2D479C7020D}"
EndProject
Global
	GlobalSection(SolutionConfigurationPlatforms) = preSolution
		Debug|Any CPU = Debug|Any CPU
		Release|Any CPU = Release|Any CPU
	EndGlobalSection
	GlobalSection(ProjectConfigurationPlatforms) = postSolution
		{58DC51C3-BA6B-4C1B-8208-D2D479C7020D}.Debug|Any CPU.ActiveCfg = Debug|Any CPU
		{58DC51C3-BA6B-4C1B-8208-D2D479C7020D}.Debug|Any CPU.Build.0 = Debug|Any CPU
		{58DC51C3-BA6B-4C1B-8208-D2D479C7020D}.Release|Any CPU.ActiveCfg = Release|Any CPU
		{58DC51C3-BA6B-4C1B-8208-D2D479C7020D}.Release|Any CPU.Build.0 = Release|Any CPU
	EndGlobalSection
EndGlobal
