
Microsoft Visual Studio Solution File, Format Version 12.00
# Visual Studio 15
Project("{FAE04EC0-301F-11D3-BF4B-00C04F79EFBC}") = "Project", "LearningCSharp\Project.csproj", "{728C2D98-EFCB-4BCE-ABA7-58253D76B0AB}"
EndProject
Global
	GlobalSection(SolutionConfigurationPlatforms) = preSolution
		Debug|Any CPU = Debug|Any CPU
		Release|Any CPU = Release|Any CPU
	EndGlobalSection
	GlobalSection(ProjectConfigurationPlatforms) = postSolution
		{728C2D98-EFCB-4BCE-ABA7-58253D76B0AB}.Debug|Any CPU.ActiveCfg = Debug|Any CPU
		{728C2D98-EFCB-4BCE-ABA7-58253D76B0AB}.Debug|Any CPU.Build.0 = Debug|Any CPU
		{728C2D98-EFCB-4BCE-ABA7-58253D76B0AB}.Release|Any CPU.ActiveCfg = Release|Any CPU
		{728C2D98-EFCB-4BCE-ABA7-58253D76B0AB}.Release|Any CPU.Build.0 = Release|Any CPU
	EndGlobalSection
EndGlobal
