
Microsoft Visual Studio Solution File, Format Version 12.00
# Visual Studio 15
Project("{FAE04EC0-301F-11D3-BF4B-00C04F79EFBC}") = "ShuffleArray", "ShuffleArray\ShuffleArray.csproj", "{1E5542FE-3D38-4253-BA81-25A2544551B3}"
EndProject
Global
	GlobalSection(SolutionConfigurationPlatforms) = preSolution
		Debug|Any CPU = Debug|Any CPU
		Release|Any CPU = Release|Any CPU
	EndGlobalSection
	GlobalSection(ProjectConfigurationPlatforms) = postSolution
		{1E5542FE-3D38-4253-BA81-25A2544551B3}.Debug|Any CPU.ActiveCfg = Debug|Any CPU
		{1E5542FE-3D38-4253-BA81-25A2544551B3}.Debug|Any CPU.Build.0 = Debug|Any CPU
		{1E5542FE-3D38-4253-BA81-25A2544551B3}.Release|Any CPU.ActiveCfg = Release|Any CPU
		{1E5542FE-3D38-4253-BA81-25A2544551B3}.Release|Any CPU.Build.0 = Release|Any CPU
	EndGlobalSection
EndGlobal
